
Microsoft Visual Studio Solution File, Format Version 12.00
# Visual Studio Version 16
VisualStudioVersion = 16.0.31129.286
MinimumVisualStudioVersion = 10.0.40219.1
Project("{FAE04EC0-301F-11D3-BF4B-00C04F79EFBC}") = "Menu_V1", "Menu_V1.csproj", "{5B97A84F-0C42-47C5-B5B7-6C04F8898C7B}"
EndProject
Global
	GlobalSection(SolutionConfigurationPlatforms) = preSolution
		Debug|Any CPU = Debug|Any CPU
		Release|Any CPU = Release|Any CPU
	EndGlobalSection
	GlobalSection(ProjectConfigurationPlatforms) = postSolution
		{5B97A84F-0C42-47C5-B5B7-6C04F8898C7B}.Debug|Any CPU.ActiveCfg = Debug|Any CPU
		{5B97A84F-0C42-47C5-B5B7-6C04F8898C7B}.Debug|Any CPU.Build.0 = Debug|Any CPU
		{5B97A84F-0C42-47C5-B5B7-6C04F8898C7B}.Release|Any CPU.ActiveCfg = Release|Any CPU
		{5B97A84F-0C42-47C5-B5B7-6C04F8898C7B}.Release|Any CPU.Build.0 = Release|Any CPU
	EndGlobalSection
	GlobalSection(SolutionProperties) = preSolution
		HideSolutionNode = FALSE
	EndGlobalSection
	GlobalSection(ExtensibilityGlobals) = postSolution
		SolutionGuid = {8CA1A2C6-548C-4D92-85D5-D663A04BD6C2}
	EndGlobalSection
EndGlobal
